// !$*UTF8*$!
{
	archiveVersion = 1;
	classes = {
	};
	objectVersion = 46;
	objects = {

/* Begin PBXBuildFile section */
		1D03EC941E940E420025D8F5 /* AppDelegate.swift in Sources */ = {isa = PBXBuildFile; fileRef = 1D03EC931E940E420025D8F5 /* AppDelegate.swift */; };
		1D03EC961E940E420025D8F5 /* ViewController.swift in Sources */ = {isa = PBXBuildFile; fileRef = 1D03EC951E940E420025D8F5 /* ViewController.swift */; };
		1D03EC991E940E420025D8F5 /* Main.storyboard in Resources */ = {isa = PBXBuildFile; fileRef = 1D03EC971E940E420025D8F5 /* Main.storyboard */; };
		1D03EC9B1E940E420025D8F5 /* Assets.xcassets in Resources */ = {isa = PBXBuildFile; fileRef = 1D03EC9A1E940E420025D8F5 /* Assets.xcassets */; };
		1D03EC9E1E940E420025D8F5 /* LaunchScreen.storyboard in Resources */ = {isa = PBXBuildFile; fileRef = 1D03EC9C1E940E420025D8F5 /* LaunchScreen.storyboard */; };
		1D03ECA91E940E430025D8F5 /* RNSwiftIntegrationTests.swift in Sources */ = {isa = PBXBuildFile; fileRef = 1D03ECA81E940E430025D8F5 /* RNSwiftIntegrationTests.swift */; };
		1D03ECB41E940E430025D8F5 /* RNSwiftIntegrationUITests.swift in Sources */ = {isa = PBXBuildFile; fileRef = 1D03ECB31E940E430025D8F5 /* RNSwiftIntegrationUITests.swift */; };
		1D15F4C01EC7ECCF001FD4B6 /* RNBridge.swift in Sources */ = {isa = PBXBuildFile; fileRef = 1D15F4BF1EC7ECCF001FD4B6 /* RNBridge.swift */; };
		1D15F4C31EC7EDAB001FD4B6 /* RNBridge.m in Sources */ = {isa = PBXBuildFile; fileRef = 1D15F4C21EC7EDAB001FD4B6 /* RNBridge.m */; };
		1D7D37721EC755BF0082813A /* CheckOutViewController.swift in Sources */ = {isa = PBXBuildFile; fileRef = 1D7D37711EC755BF0082813A /* CheckOutViewController.swift */; };
		1D96BF6A1EC76A3E00384FC9 /* MyBestFriend.swift in Sources */ = {isa = PBXBuildFile; fileRef = 1D96BF691EC76A3E00384FC9 /* MyBestFriend.swift */; };
		43E669336AA7BC86B2CBC4F0 /* Pods_RNSwiftIntegration.framework in Frameworks */ = {isa = PBXBuildFile; fileRef = 70EA13DA36F357D746C0A468 /* Pods_RNSwiftIntegration.framework */; };
		64A2B54401A045FB1590F4D5 /* Pods_RNSwiftIntegrationTests.framework in Frameworks */ = {isa = PBXBuildFile; fileRef = 7A35FAA2E68E43DE33DA5A8E /* Pods_RNSwiftIntegrationTests.framework */; };
		84FB6E8D1EEFF4587A3D799B /* Pods_RNSwiftIntegrationUITests.framework in Frameworks */ = {isa = PBXBuildFile; fileRef = CBFE95BFD0C4BF0D6BB6E54E /* Pods_RNSwiftIntegrationUITests.framework */; };
/* End PBXBuildFile section */

/* Begin PBXContainerItemProxy section */
		1D03ECA51E940E430025D8F5 /* PBXContainerItemProxy */ = {
			isa = PBXContainerItemProxy;
			containerPortal = 1D03EC881E940E420025D8F5 /* Project object */;
			proxyType = 1;
			remoteGlobalIDString = 1D03EC8F1E940E420025D8F5;
			remoteInfo = RNSwiftIntegration;
		};
		1D03ECB01E940E430025D8F5 /* PBXContainerItemProxy */ = {
			isa = PBXContainerItemProxy;
			containerPortal = 1D03EC881E940E420025D8F5 /* Project object */;
			proxyType = 1;
			remoteGlobalIDString = 1D03EC8F1E940E420025D8F5;
			remoteInfo = RNSwiftIntegration;
		};
/* End PBXContainerItemProxy section */

/* Begin PBXFileReference section */
		1D03EC901E940E420025D8F5 /* RNSwiftIntegration.app */ = {isa = PBXFileReference; explicitFileType = wrapper.application; includeInIndex = 0; path = RNSwiftIntegration.app; sourceTree = BUILT_PRODUCTS_DIR; };
		1D03EC931E940E420025D8F5 /* AppDelegate.swift */ = {isa = PBXFileReference; lastKnownFileType = sourcecode.swift; path = AppDelegate.swift; sourceTree = "<group>"; };
		1D03EC951E940E420025D8F5 /* ViewController.swift */ = {isa = PBXFileReference; lastKnownFileType = sourcecode.swift; path = ViewController.swift; sourceTree = "<group>"; };
		1D03EC981E940E420025D8F5 /* Base */ = {isa = PBXFileReference; lastKnownFileType = file.storyboard; name = Base; path = Base.lproj/Main.storyboard; sourceTree = "<group>"; };
		1D03EC9A1E940E420025D8F5 /* Assets.xcassets */ = {isa = PBXFileReference; lastKnownFileType = folder.assetcatalog; path = Assets.xcassets; sourceTree = "<group>"; };
		1D03EC9D1E940E420025D8F5 /* Base */ = {isa = PBXFileReference; lastKnownFileType = file.storyboard; name = Base; path = Base.lproj/LaunchScreen.storyboard; sourceTree = "<group>"; };
		1D03EC9F1E940E420025D8F5 /* Info.plist */ = {isa = PBXFileReference; lastKnownFileType = text.plist.xml; path = Info.plist; sourceTree = "<group>"; };
		1D03ECA41E940E430025D8F5 /* RNSwiftIntegrationTests.xctest */ = {isa = PBXFileReference; explicitFileType = wrapper.cfbundle; includeInIndex = 0; path = RNSwiftIntegrationTests.xctest; sourceTree = BUILT_PRODUCTS_DIR; };
		1D03ECA81E940E430025D8F5 /* RNSwiftIntegrationTests.swift */ = {isa = PBXFileReference; lastKnownFileType = sourcecode.swift; path = RNSwiftIntegrationTests.swift; sourceTree = "<group>"; };
		1D03ECAA1E940E430025D8F5 /* Info.plist */ = {isa = PBXFileReference; lastKnownFileType = text.plist.xml; path = Info.plist; sourceTree = "<group>"; };
		1D03ECAF1E940E430025D8F5 /* RNSwiftIntegrationUITests.xctest */ = {isa = PBXFileReference; explicitFileType = wrapper.cfbundle; includeInIndex = 0; path = RNSwiftIntegrationUITests.xctest; sourceTree = BUILT_PRODUCTS_DIR; };
		1D03ECB31E940E430025D8F5 /* RNSwiftIntegrationUITests.swift */ = {isa = PBXFileReference; lastKnownFileType = sourcecode.swift; path = RNSwiftIntegrationUITests.swift; sourceTree = "<group>"; };
		1D03ECB51E940E430025D8F5 /* Info.plist */ = {isa = PBXFileReference; lastKnownFileType = text.plist.xml; path = Info.plist; sourceTree = "<group>"; };
		1D15F4BF1EC7ECCF001FD4B6 /* RNBridge.swift */ = {isa = PBXFileReference; fileEncoding = 4; lastKnownFileType = sourcecode.swift; path = RNBridge.swift; sourceTree = "<group>"; };
		1D15F4C11EC7EDAA001FD4B6 /* RNSwiftIntegration-Bridging-Header.h */ = {isa = PBXFileReference; lastKnownFileType = sourcecode.c.h; path = "RNSwiftIntegration-Bridging-Header.h"; sourceTree = "<group>"; };
		1D15F4C21EC7EDAB001FD4B6 /* RNBridge.m */ = {isa = PBXFileReference; fileEncoding = 4; lastKnownFileType = sourcecode.c.objc; path = RNBridge.m; sourceTree = "<group>"; };
		1D7D37711EC755BF0082813A /* CheckOutViewController.swift */ = {isa = PBXFileReference; fileEncoding = 4; lastKnownFileType = sourcecode.swift; path = CheckOutViewController.swift; sourceTree = "<group>"; };
		1D96BF691EC76A3E00384FC9 /* MyBestFriend.swift */ = {isa = PBXFileReference; fileEncoding = 4; lastKnownFileType = sourcecode.swift; path = MyBestFriend.swift; sourceTree = "<group>"; };
		1EA75CD378C42B5EFA6ADC16 /* Pods-RNSwiftIntegrationTests.release.xcconfig */ = {isa = PBXFileReference; includeInIndex = 1; lastKnownFileType = text.xcconfig; name = "Pods-RNSwiftIntegrationTests.release.xcconfig"; path = "Pods/Target Support Files/Pods-RNSwiftIntegrationTests/Pods-RNSwiftIntegrationTests.release.xcconfig"; sourceTree = "<group>"; };
		2B6399FF5F23CA108F52009F /* Pods-RNSwiftIntegrationTests.debug.xcconfig */ = {isa = PBXFileReference; includeInIndex = 1; lastKnownFileType = text.xcconfig; name = "Pods-RNSwiftIntegrationTests.debug.xcconfig"; path = "Pods/Target Support Files/Pods-RNSwiftIntegrationTests/Pods-RNSwiftIntegrationTests.debug.xcconfig"; sourceTree = "<group>"; };
		4D9FEEB5B7887CA7B845A483 /* Pods-RNSwiftIntegrationUITests.release.xcconfig */ = {isa = PBXFileReference; includeInIndex = 1; lastKnownFileType = text.xcconfig; name = "Pods-RNSwiftIntegrationUITests.release.xcconfig"; path = "Pods/Target Support Files/Pods-RNSwiftIntegrationUITests/Pods-RNSwiftIntegrationUITests.release.xcconfig"; sourceTree = "<group>"; };
		568E53EC81A845D13BCDC20B /* Pods-RNSwiftIntegrationUITests.debug.xcconfig */ = {isa = PBXFileReference; includeInIndex = 1; lastKnownFileType = text.xcconfig; name = "Pods-RNSwiftIntegrationUITests.debug.xcconfig"; path = "Pods/Target Support Files/Pods-RNSwiftIntegrationUITests/Pods-RNSwiftIntegrationUITests.debug.xcconfig"; sourceTree = "<group>"; };
		70EA13DA36F357D746C0A468 /* Pods_RNSwiftIntegration.framework */ = {isa = PBXFileReference; explicitFileType = wrapper.framework; includeInIndex = 0; path = Pods_RNSwiftIntegration.framework; sourceTree = BUILT_PRODUCTS_DIR; };
		7A35FAA2E68E43DE33DA5A8E /* Pods_RNSwiftIntegrationTests.framework */ = {isa = PBXFileReference; explicitFileType = wrapper.framework; includeInIndex = 0; path = Pods_RNSwiftIntegrationTests.framework; sourceTree = BUILT_PRODUCTS_DIR; };
		A400C7D77822BA8D9184B76F /* Pods-RNSwiftIntegration.release.xcconfig */ = {isa = PBXFileReference; includeInIndex = 1; lastKnownFileType = text.xcconfig; name = "Pods-RNSwiftIntegration.release.xcconfig"; path = "Pods/Target Support Files/Pods-RNSwiftIntegration/Pods-RNSwiftIntegration.release.xcconfig"; sourceTree = "<group>"; };
		CBFE95BFD0C4BF0D6BB6E54E /* Pods_RNSwiftIntegrationUITests.framework */ = {isa = PBXFileReference; explicitFileType = wrapper.framework; includeInIndex = 0; path = Pods_RNSwiftIntegrationUITests.framework; sourceTree = BUILT_PRODUCTS_DIR; };
		EB31357E39971B9BA898C9BC /* Pods-RNSwiftIntegration.debug.xcconfig */ = {isa = PBXFileReference; includeInIndex = 1; lastKnownFileType = text.xcconfig; name = "Pods-RNSwiftIntegration.debug.xcconfig"; path = "Pods/Target Support Files/Pods-RNSwiftIntegration/Pods-RNSwiftIntegration.debug.xcconfig"; sourceTree = "<group>"; };
/* End PBXFileReference section */

/* Begin PBXFrameworksBuildPhase section */
		1D03EC8D1E940E420025D8F5 /* Frameworks */ = {
			isa = PBXFrameworksBuildPhase;
			buildActionMask = 2147483647;
			files = (
				43E669336AA7BC86B2CBC4F0 /* Pods_RNSwiftIntegration.framework in Frameworks */,
			);
			runOnlyForDeploymentPostprocessing = 0;
		};
		1D03ECA11E940E430025D8F5 /* Frameworks */ = {
			isa = PBXFrameworksBuildPhase;
			buildActionMask = 2147483647;
			files = (
				64A2B54401A045FB1590F4D5 /* Pods_RNSwiftIntegrationTests.framework in Frameworks */,
			);
			runOnlyForDeploymentPostprocessing = 0;
		};
		1D03ECAC1E940E430025D8F5 /* Frameworks */ = {
			isa = PBXFrameworksBuildPhase;
			buildActionMask = 2147483647;
			files = (
				84FB6E8D1EEFF4587A3D799B /* Pods_RNSwiftIntegrationUITests.framework in Frameworks */,
			);
			runOnlyForDeploymentPostprocessing = 0;
		};
/* End PBXFrameworksBuildPhase section */

/* Begin PBXGroup section */
		05145BF9B301EFCCF1D9F712 /* Frameworks */ = {
			isa = PBXGroup;
			children = (
				70EA13DA36F357D746C0A468 /* Pods_RNSwiftIntegration.framework */,
				7A35FAA2E68E43DE33DA5A8E /* Pods_RNSwiftIntegrationTests.framework */,
				CBFE95BFD0C4BF0D6BB6E54E /* Pods_RNSwiftIntegrationUITests.framework */,
			);
			name = Frameworks;
			sourceTree = "<group>";
		};
		1D03EC871E940E420025D8F5 = {
			isa = PBXGroup;
			children = (
				1D03EC921E940E420025D8F5 /* RNSwiftIntegration */,
				1D03ECA71E940E430025D8F5 /* RNSwiftIntegrationTests */,
				1D03ECB21E940E430025D8F5 /* RNSwiftIntegrationUITests */,
				1D03EC911E940E420025D8F5 /* Products */,
				2432E7355A4D34C10A0525E8 /* Pods */,
				05145BF9B301EFCCF1D9F712 /* Frameworks */,
			);
			sourceTree = "<group>";
		};
		1D03EC911E940E420025D8F5 /* Products */ = {
			isa = PBXGroup;
			children = (
				1D03EC901E940E420025D8F5 /* RNSwiftIntegration.app */,
				1D03ECA41E940E430025D8F5 /* RNSwiftIntegrationTests.xctest */,
				1D03ECAF1E940E430025D8F5 /* RNSwiftIntegrationUITests.xctest */,
			);
			name = Products;
			sourceTree = "<group>";
		};
		1D03EC921E940E420025D8F5 /* RNSwiftIntegration */ = {
			isa = PBXGroup;
			children = (
				1D03EC931E940E420025D8F5 /* AppDelegate.swift */,
				1D03EC951E940E420025D8F5 /* ViewController.swift */,
				1D03EC971E940E420025D8F5 /* Main.storyboard */,
				1D03EC9A1E940E420025D8F5 /* Assets.xcassets */,
				1D03EC9C1E940E420025D8F5 /* LaunchScreen.storyboard */,
				1D03EC9F1E940E420025D8F5 /* Info.plist */,
				1D7D37711EC755BF0082813A /* CheckOutViewController.swift */,
				1D96BF691EC76A3E00384FC9 /* MyBestFriend.swift */,
				1D15F4BF1EC7ECCF001FD4B6 /* RNBridge.swift */,
				1D15F4C21EC7EDAB001FD4B6 /* RNBridge.m */,
				1D15F4C11EC7EDAA001FD4B6 /* RNSwiftIntegration-Bridging-Header.h */,
			);
			path = RNSwiftIntegration;
			sourceTree = "<group>";
		};
		1D03ECA71E940E430025D8F5 /* RNSwiftIntegrationTests */ = {
			isa = PBXGroup;
			children = (
				1D03ECA81E940E430025D8F5 /* RNSwiftIntegrationTests.swift */,
				1D03ECAA1E940E430025D8F5 /* Info.plist */,
			);
			path = RNSwiftIntegrationTests;
			sourceTree = "<group>";
		};
		1D03ECB21E940E430025D8F5 /* RNSwiftIntegrationUITests */ = {
			isa = PBXGroup;
			children = (
				1D03ECB31E940E430025D8F5 /* RNSwiftIntegrationUITests.swift */,
				1D03ECB51E940E430025D8F5 /* Info.plist */,
			);
			path = RNSwiftIntegrationUITests;
			sourceTree = "<group>";
		};
		2432E7355A4D34C10A0525E8 /* Pods */ = {
			isa = PBXGroup;
			children = (
				EB31357E39971B9BA898C9BC /* Pods-RNSwiftIntegration.debug.xcconfig */,
				A400C7D77822BA8D9184B76F /* Pods-RNSwiftIntegration.release.xcconfig */,
				2B6399FF5F23CA108F52009F /* Pods-RNSwiftIntegrationTests.debug.xcconfig */,
				1EA75CD378C42B5EFA6ADC16 /* Pods-RNSwiftIntegrationTests.release.xcconfig */,
				568E53EC81A845D13BCDC20B /* Pods-RNSwiftIntegrationUITests.debug.xcconfig */,
				4D9FEEB5B7887CA7B845A483 /* Pods-RNSwiftIntegrationUITests.release.xcconfig */,
			);
			name = Pods;
			sourceTree = "<group>";
		};
/* End PBXGroup section */

/* Begin PBXNativeTarget section */
		1D03EC8F1E940E420025D8F5 /* RNSwiftIntegration */ = {
			isa = PBXNativeTarget;
			buildConfigurationList = 1D03ECB81E940E430025D8F5 /* Build configuration list for PBXNativeTarget "RNSwiftIntegration" */;
			buildPhases = (
				D84FA53AD56578BB9250D315 /* [CP] Check Pods Manifest.lock */,
				1D03EC8C1E940E420025D8F5 /* Sources */,
				1D03EC8D1E940E420025D8F5 /* Frameworks */,
				1D03EC8E1E940E420025D8F5 /* Resources */,
				9CF0207A4F1DA582D5AA6B1E /* [CP] Embed Pods Frameworks */,
				28145258D5F397FDC80A6D4A /* [CP] Copy Pods Resources */,
			);
			buildRules = (
			);
			dependencies = (
			);
			name = RNSwiftIntegration;
			productName = RNSwiftIntegration;
			productReference = 1D03EC901E940E420025D8F5 /* RNSwiftIntegration.app */;
			productType = "com.apple.product-type.application";
		};
		1D03ECA31E940E430025D8F5 /* RNSwiftIntegrationTests */ = {
			isa = PBXNativeTarget;
			buildConfigurationList = 1D03ECBB1E940E430025D8F5 /* Build configuration list for PBXNativeTarget "RNSwiftIntegrationTests" */;
			buildPhases = (
				B8E743B2328B2C31104C2754 /* [CP] Check Pods Manifest.lock */,
				1D03ECA01E940E430025D8F5 /* Sources */,
				1D03ECA11E940E430025D8F5 /* Frameworks */,
				1D03ECA21E940E430025D8F5 /* Resources */,
				8A6C3C9D64CAC6E77198CCEE /* [CP] Embed Pods Frameworks */,
				05BA314555664F7E9BF36D3C /* [CP] Copy Pods Resources */,
			);
			buildRules = (
			);
			dependencies = (
				1D03ECA61E940E430025D8F5 /* PBXTargetDependency */,
			);
			name = RNSwiftIntegrationTests;
			productName = RNSwiftIntegrationTests;
			productReference = 1D03ECA41E940E430025D8F5 /* RNSwiftIntegrationTests.xctest */;
			productType = "com.apple.product-type.bundle.unit-test";
		};
		1D03ECAE1E940E430025D8F5 /* RNSwiftIntegrationUITests */ = {
			isa = PBXNativeTarget;
			buildConfigurationList = 1D03ECBE1E940E430025D8F5 /* Build configuration list for PBXNativeTarget "RNSwiftIntegrationUITests" */;
			buildPhases = (
				76F7F9562E834540C626082D /* [CP] Check Pods Manifest.lock */,
				1D03ECAB1E940E430025D8F5 /* Sources */,
				1D03ECAC1E940E430025D8F5 /* Frameworks */,
				1D03ECAD1E940E430025D8F5 /* Resources */,
				1A7045036D6DB642B90BE052 /* [CP] Embed Pods Frameworks */,
				0FCE3635198114A647B75919 /* [CP] Copy Pods Resources */,
			);
			buildRules = (
			);
			dependencies = (
				1D03ECB11E940E430025D8F5 /* PBXTargetDependency */,
			);
			name = RNSwiftIntegrationUITests;
			productName = RNSwiftIntegrationUITests;
			productReference = 1D03ECAF1E940E430025D8F5 /* RNSwiftIntegrationUITests.xctest */;
			productType = "com.apple.product-type.bundle.ui-testing";
		};
/* End PBXNativeTarget section */

/* Begin PBXProject section */
		1D03EC881E940E420025D8F5 /* Project object */ = {
			isa = PBXProject;
			attributes = {
				LastSwiftUpdateCheck = 0820;
				LastUpgradeCheck = 0820;
				ORGANIZATIONNAME = "Stefano Cremona";
				TargetAttributes = {
					1D03EC8F1E940E420025D8F5 = {
						CreatedOnToolsVersion = 8.2.1;
						LastSwiftMigration = 0820;
						ProvisioningStyle = Automatic;
					};
					1D03ECA31E940E430025D8F5 = {
						CreatedOnToolsVersion = 8.2.1;
						ProvisioningStyle = Automatic;
						TestTargetID = 1D03EC8F1E940E420025D8F5;
					};
					1D03ECAE1E940E430025D8F5 = {
						CreatedOnToolsVersion = 8.2.1;
						ProvisioningStyle = Automatic;
						TestTargetID = 1D03EC8F1E940E420025D8F5;
					};
				};
			};
			buildConfigurationList = 1D03EC8B1E940E420025D8F5 /* Build configuration list for PBXProject "RNSwiftIntegration" */;
			compatibilityVersion = "Xcode 3.2";
			developmentRegion = English;
			hasScannedForEncodings = 0;
			knownRegions = (
				en,
				Base,
			);
			mainGroup = 1D03EC871E940E420025D8F5;
			productRefGroup = 1D03EC911E940E420025D8F5 /* Products */;
			projectDirPath = "";
			projectRoot = "";
			targets = (
				1D03EC8F1E940E420025D8F5 /* RNSwiftIntegration */,
				1D03ECA31E940E430025D8F5 /* RNSwiftIntegrationTests */,
				1D03ECAE1E940E430025D8F5 /* RNSwiftIntegrationUITests */,
			);
		};
/* End PBXProject section */

/* Begin PBXResourcesBuildPhase section */
		1D03EC8E1E940E420025D8F5 /* Resources */ = {
			isa = PBXResourcesBuildPhase;
			buildActionMask = 2147483647;
			files = (
				1D03EC9E1E940E420025D8F5 /* LaunchScreen.storyboard in Resources */,
				1D03EC9B1E940E420025D8F5 /* Assets.xcassets in Resources */,
				1D03EC991E940E420025D8F5 /* Main.storyboard in Resources */,
			);
			runOnlyForDeploymentPostprocessing = 0;
		};
		1D03ECA21E940E430025D8F5 /* Resources */ = {
			isa = PBXResourcesBuildPhase;
			buildActionMask = 2147483647;
			files = (
			);
			runOnlyForDeploymentPostprocessing = 0;
		};
		1D03ECAD1E940E430025D8F5 /* Resources */ = {
			isa = PBXResourcesBuildPhase;
			buildActionMask = 2147483647;
			files = (
			);
			runOnlyForDeploymentPostprocessing = 0;
		};
/* End PBXResourcesBuildPhase section */

/* Begin PBXShellScriptBuildPhase section */
		05BA314555664F7E9BF36D3C /* [CP] Copy Pods Resources */ = {
			isa = PBXShellScriptBuildPhase;
			buildActionMask = 2147483647;
			files = (
			);
			inputPaths = (
			);
			name = "[CP] Copy Pods Resources";
			outputPaths = (
			);
			runOnlyForDeploymentPostprocessing = 0;
			shellPath = /bin/sh;
			shellScript = "\"${SRCROOT}/Pods/Target Support Files/Pods-RNSwiftIntegrationTests/Pods-RNSwiftIntegrationTests-resources.sh\"\n";
			showEnvVarsInLog = 0;
		};
		0FCE3635198114A647B75919 /* [CP] Copy Pods Resources */ = {
			isa = PBXShellScriptBuildPhase;
			buildActionMask = 2147483647;
			files = (
			);
			inputPaths = (
			);
			name = "[CP] Copy Pods Resources";
			outputPaths = (
			);
			runOnlyForDeploymentPostprocessing = 0;
			shellPath = /bin/sh;
			shellScript = "\"${SRCROOT}/Pods/Target Support Files/Pods-RNSwiftIntegrationUITests/Pods-RNSwiftIntegrationUITests-resources.sh\"\n";
			showEnvVarsInLog = 0;
		};
		1A7045036D6DB642B90BE052 /* [CP] Embed Pods Frameworks */ = {
			isa = PBXShellScriptBuildPhase;
			buildActionMask = 2147483647;
			files = (
			);
			inputPaths = (
			);
			name = "[CP] Embed Pods Frameworks";
			outputPaths = (
			);
			runOnlyForDeploymentPostprocessing = 0;
			shellPath = /bin/sh;
			shellScript = "\"${SRCROOT}/Pods/Target Support Files/Pods-RNSwiftIntegrationUITests/Pods-RNSwiftIntegrationUITests-frameworks.sh\"\n";
			showEnvVarsInLog = 0;
		};
		28145258D5F397FDC80A6D4A /* [CP] Copy Pods Resources */ = {
			isa = PBXShellScriptBuildPhase;
			buildActionMask = 2147483647;
			files = (
			);
			inputPaths = (
			);
			name = "[CP] Copy Pods Resources";
			outputPaths = (
			);
			runOnlyForDeploymentPostprocessing = 0;
			shellPath = /bin/sh;
			shellScript = "\"${SRCROOT}/Pods/Target Support Files/Pods-RNSwiftIntegration/Pods-RNSwiftIntegration-resources.sh\"\n";
			showEnvVarsInLog = 0;
		};
		76F7F9562E834540C626082D /* [CP] Check Pods Manifest.lock */ = {
			isa = PBXShellScriptBuildPhase;
			buildActionMask = 2147483647;
			files = (
			);
			inputPaths = (
			);
			name = "[CP] Check Pods Manifest.lock";
			outputPaths = (
			);
			runOnlyForDeploymentPostprocessing = 0;
			shellPath = /bin/sh;
			shellScript = "diff \"${PODS_PODFILE_DIR_PATH}/Podfile.lock\" \"${PODS_ROOT}/Manifest.lock\" > /dev/null\nif [ $? != 0 ] ; then\n    # print error to STDERR\n    echo \"error: The sandbox is not in sync with the Podfile.lock. Run 'pod install' or update your CocoaPods installation.\" >&2\n    exit 1\nfi\n";
			showEnvVarsInLog = 0;
		};
		8A6C3C9D64CAC6E77198CCEE /* [CP] Embed Pods Frameworks */ = {
			isa = PBXShellScriptBuildPhase;
			buildActionMask = 2147483647;
			files = (
			);
			inputPaths = (
			);
			name = "[CP] Embed Pods Frameworks";
			outputPaths = (
			);
			runOnlyForDeploymentPostprocessing = 0;
			shellPath = /bin/sh;
			shellScript = "\"${SRCROOT}/Pods/Target Support Files/Pods-RNSwiftIntegrationTests/Pods-RNSwiftIntegrationTests-frameworks.sh\"\n";
			showEnvVarsInLog = 0;
		};
		9CF0207A4F1DA582D5AA6B1E /* [CP] Embed Pods Frameworks */ = {
			isa = PBXShellScriptBuildPhase;
			buildActionMask = 2147483647;
			files = (
			);
			inputPaths = (
			);
			name = "[CP] Embed Pods Frameworks";
			outputPaths = (
			);
			runOnlyForDeploymentPostprocessing = 0;
			shellPath = /bin/sh;
			shellScript = "\"${SRCROOT}/Pods/Target Support Files/Pods-RNSwiftIntegration/Pods-RNSwiftIntegration-frameworks.sh\"\n";
			showEnvVarsInLog = 0;
		};
		B8E743B2328B2C31104C2754 /* [CP] Check Pods Manifest.lock */ = {
			isa = PBXShellScriptBuildPhase;
			buildActionMask = 2147483647;
			files = (
			);
			inputPaths = (
			);
			name = "[CP] Check Pods Manifest.lock";
			outputPaths = (
			);
			runOnlyForDeploymentPostprocessing = 0;
			shellPath = /bin/sh;
			shellScript = "diff \"${PODS_PODFILE_DIR_PATH}/Podfile.lock\" \"${PODS_ROOT}/Manifest.lock\" > /dev/null\nif [ $? != 0 ] ; then\n    # print error to STDERR\n    echo \"error: The sandbox is not in sync with the Podfile.lock. Run 'pod install' or update your CocoaPods installation.\" >&2\n    exit 1\nfi\n";
			showEnvVarsInLog = 0;
		};
		D84FA53AD56578BB9250D315 /* [CP] Check Pods Manifest.lock */ = {
			isa = PBXShellScriptBuildPhase;
			buildActionMask = 2147483647;
			files = (
			);
			inputPaths = (
			);
			name = "[CP] Check Pods Manifest.lock";
			outputPaths = (
			);
			runOnlyForDeploymentPostprocessing = 0;
			shellPath = /bin/sh;
			shellScript = "diff \"${PODS_PODFILE_DIR_PATH}/Podfile.lock\" \"${PODS_ROOT}/Manifest.lock\" > /dev/null\nif [ $? != 0 ] ; then\n    # print error to STDERR\n    echo \"error: The sandbox is not in sync with the Podfile.lock. Run 'pod install' or update your CocoaPods installation.\" >&2\n    exit 1\nfi\n";
			showEnvVarsInLog = 0;
		};
/* End PBXShellScriptBuildPhase section */

/* Begin PBXSourcesBuildPhase section */
		1D03EC8C1E940E420025D8F5 /* Sources */ = {
			isa = PBXSourcesBuildPhase;
			buildActionMask = 2147483647;
			files = (
				1D15F4C31EC7EDAB001FD4B6 /* RNBridge.m in Sources */,
				1D7D37721EC755BF0082813A /* CheckOutViewController.swift in Sources */,
				1D96BF6A1EC76A3E00384FC9 /* MyBestFriend.swift in Sources */,
				1D03EC961E940E420025D8F5 /* ViewController.swift in Sources */,
				1D03EC941E940E420025D8F5 /* AppDelegate.swift in Sources */,
				1D15F4C01EC7ECCF001FD4B6 /* RNBridge.swift in Sources */,
			);
			runOnlyForDeploymentPostprocessing = 0;
		};
		1D03ECA01E940E430025D8F5 /* Sources */ = {
			isa = PBXSourcesBuildPhase;
			buildActionMask = 2147483647;
			files = (
				1D03ECA91E940E430025D8F5 /* RNSwiftIntegrationTests.swift in Sources */,
			);
			runOnlyForDeploymentPostprocessing = 0;
		};
		1D03ECAB1E940E430025D8F5 /* Sources */ = {
			isa = PBXSourcesBuildPhase;
			buildActionMask = 2147483647;
			files = (
				1D03ECB41E940E430025D8F5 /* RNSwiftIntegrationUITests.swift in Sources */,
			);
			runOnlyForDeploymentPostprocessing = 0;
		};
/* End PBXSourcesBuildPhase section */

/* Begin PBXTargetDependency section */
		1D03ECA61E940E430025D8F5 /* PBXTargetDependency */ = {
			isa = PBXTargetDependency;
			target = 1D03EC8F1E940E420025D8F5 /* RNSwiftIntegration */;
			targetProxy = 1D03ECA51E940E430025D8F5 /* PBXContainerItemProxy */;
		};
		1D03ECB11E940E430025D8F5 /* PBXTargetDependency */ = {
			isa = PBXTargetDependency;
			target = 1D03EC8F1E940E420025D8F5 /* RNSwiftIntegration */;
			targetProxy = 1D03ECB01E940E430025D8F5 /* PBXContainerItemProxy */;
		};
/* End PBXTargetDependency section */

/* Begin PBXVariantGroup section */
		1D03EC971E940E420025D8F5 /* Main.storyboard */ = {
			isa = PBXVariantGroup;
			children = (
				1D03EC981E940E420025D8F5 /* Base */,
			);
			name = Main.storyboard;
			sourceTree = "<group>";
		};
		1D03EC9C1E940E420025D8F5 /* LaunchScreen.storyboard */ = {
			isa = PBXVariantGroup;
			children = (
				1D03EC9D1E940E420025D8F5 /* Base */,
			);
			name = LaunchScreen.storyboard;
			sourceTree = "<group>";
		};
/* End PBXVariantGroup section */

/* Begin XCBuildConfiguration section */
		1D03ECB61E940E430025D8F5 /* Debug */ = {
			isa = XCBuildConfiguration;
			buildSettings = {
				ALWAYS_SEARCH_USER_PATHS = NO;
				CLANG_ANALYZER_NONNULL = YES;
				CLANG_CXX_LANGUAGE_STANDARD = "gnu++0x";
				CLANG_CXX_LIBRARY = "libc++";
				CLANG_ENABLE_MODULES = YES;
				CLANG_ENABLE_OBJC_ARC = YES;
				CLANG_WARN_BOOL_CONVERSION = YES;
				CLANG_WARN_CONSTANT_CONVERSION = YES;
				CLANG_WARN_DIRECT_OBJC_ISA_USAGE = YES_ERROR;
				CLANG_WARN_DOCUMENTATION_COMMENTS = YES;
				CLANG_WARN_EMPTY_BODY = YES;
				CLANG_WARN_ENUM_CONVERSION = YES;
				CLANG_WARN_INFINITE_RECURSION = YES;
				CLANG_WARN_INT_CONVERSION = YES;
				CLANG_WARN_OBJC_ROOT_CLASS = YES_ERROR;
				CLANG_WARN_SUSPICIOUS_MOVE = YES;
				CLANG_WARN_UNREACHABLE_CODE = YES;
				CLANG_WARN__DUPLICATE_METHOD_MATCH = YES;
				"CODE_SIGN_IDENTITY[sdk=iphoneos*]" = "iPhone Developer";
				COPY_PHASE_STRIP = NO;
				DEBUG_INFORMATION_FORMAT = dwarf;
				ENABLE_STRICT_OBJC_MSGSEND = YES;
				ENABLE_TESTABILITY = YES;
				GCC_C_LANGUAGE_STANDARD = gnu99;
				GCC_DYNAMIC_NO_PIC = NO;
				GCC_NO_COMMON_BLOCKS = YES;
				GCC_OPTIMIZATION_LEVEL = 0;
				GCC_PREPROCESSOR_DEFINITIONS = (
					"DEBUG=1",
					"$(inherited)",
				);
				GCC_WARN_64_TO_32_BIT_CONVERSION = YES;
				GCC_WARN_ABOUT_RETURN_TYPE = YES_ERROR;
				GCC_WARN_UNDECLARED_SELECTOR = YES;
				GCC_WARN_UNINITIALIZED_AUTOS = YES_AGGRESSIVE;
				GCC_WARN_UNUSED_FUNCTION = YES;
				GCC_WARN_UNUSED_VARIABLE = YES;
				IPHONEOS_DEPLOYMENT_TARGET = 10.2;
				MTL_ENABLE_DEBUG_INFO = YES;
				ONLY_ACTIVE_ARCH = YES;
				SDKROOT = iphoneos;
				SWIFT_ACTIVE_COMPILATION_CONDITIONS = DEBUG;
				SWIFT_OPTIMIZATION_LEVEL = "-Onone";
				TARGETED_DEVICE_FAMILY = "1,2";
			};
			name = Debug;
		};
		1D03ECB71E940E430025D8F5 /* Release */ = {
			isa = XCBuildConfiguration;
			buildSettings = {
				ALWAYS_SEARCH_USER_PATHS = NO;
				CLANG_ANALYZER_NONNULL = YES;
				CLANG_CXX_LANGUAGE_STANDARD = "gnu++0x";
				CLANG_CXX_LIBRARY = "libc++";
				CLANG_ENABLE_MODULES = YES;
				CLANG_ENABLE_OBJC_ARC = YES;
				CLANG_WARN_BOOL_CONVERSION = YES;
				CLANG_WARN_CONSTANT_CONVERSION = YES;
				CLANG_WARN_DIRECT_OBJC_ISA_USAGE = YES_ERROR;
				CLANG_WARN_DOCUMENTATION_COMMENTS = YES;
				CLANG_WARN_EMPTY_BODY = YES;
				CLANG_WARN_ENUM_CONVERSION = YES;
				CLANG_WARN_INFINITE_RECURSION = YES;
				CLANG_WARN_INT_CONVERSION = YES;
				CLANG_WARN_OBJC_ROOT_CLASS = YES_ERROR;
				CLANG_WARN_SUSPICIOUS_MOVE = YES;
				CLANG_WARN_UNREACHABLE_CODE = YES;
				CLANG_WARN__DUPLICATE_METHOD_MATCH = YES;
				"CODE_SIGN_IDENTITY[sdk=iphoneos*]" = "iPhone Developer";
				COPY_PHASE_STRIP = NO;
				DEBUG_INFORMATION_FORMAT = "dwarf-with-dsym";
				ENABLE_NS_ASSERTIONS = NO;
				ENABLE_STRICT_OBJC_MSGSEND = YES;
				GCC_C_LANGUAGE_STANDARD = gnu99;
				GCC_NO_COMMON_BLOCKS = YES;
				GCC_WARN_64_TO_32_BIT_CONVERSION = YES;
				GCC_WARN_ABOUT_RETURN_TYPE = YES_ERROR;
				GCC_WARN_UNDECLARED_SELECTOR = YES;
				GCC_WARN_UNINITIALIZED_AUTOS = YES_AGGRESSIVE;
				GCC_WARN_UNUSED_FUNCTION = YES;
				GCC_WARN_UNUSED_VARIABLE = YES;
				IPHONEOS_DEPLOYMENT_TARGET = 10.2;
				MTL_ENABLE_DEBUG_INFO = NO;
				SDKROOT = iphoneos;
				SWIFT_OPTIMIZATION_LEVEL = "-Owholemodule";
				TARGETED_DEVICE_FAMILY = "1,2";
				VALIDATE_PRODUCT = YES;
			};
			name = Release;
		};
		1D03ECB91E940E430025D8F5 /* Debug */ = {
			isa = XCBuildConfiguration;
			baseConfigurationReference = EB31357E39971B9BA898C9BC /* Pods-RNSwiftIntegration.debug.xcconfig */;
			buildSettings = {
				ASSETCATALOG_COMPILER_APPICON_NAME = AppIcon;
				CLANG_ENABLE_MODULES = YES;
				INFOPLIST_FILE = RNSwiftIntegration/Info.plist;
				LD_RUNPATH_SEARCH_PATHS = "$(inherited) @executable_path/Frameworks";
				PRODUCT_BUNDLE_IDENTIFIER = com.scremona.RNSwiftIntegration;
				PRODUCT_NAME = "$(TARGET_NAME)";
				SWIFT_OBJC_BRIDGING_HEADER = "RNSwiftIntegration/RNSwiftIntegration-Bridging-Header.h";
				SWIFT_OPTIMIZATION_LEVEL = "-Onone";
				SWIFT_VERSION = 3.0;
			};
			name = Debug;
		};
		1D03ECBA1E940E430025D8F5 /* Release */ = {
			isa = XCBuildConfiguration;
			baseConfigurationReference = A400C7D77822BA8D9184B76F /* Pods-RNSwiftIntegration.release.xcconfig */;
			buildSettings = {
				ASSETCATALOG_COMPILER_APPICON_NAME = AppIcon;
				CLANG_ENABLE_MODULES = YES;
				INFOPLIST_FILE = RNSwiftIntegration/Info.plist;
				LD_RUNPATH_SEARCH_PATHS = "$(inherited) @executable_path/Frameworks";
				PRODUCT_BUNDLE_IDENTIFIER = com.scremona.RNSwiftIntegration;
				PRODUCT_NAME = "$(TARGET_NAME)";
				SWIFT_OBJC_BRIDGING_HEADER = "RNSwiftIntegration/RNSwiftIntegration-Bridging-Header.h";
				SWIFT_VERSION = 3.0;
			};
			name = Release;
		};
		1D03ECBC1E940E430025D8F5 /* Debug */ = {
			isa = XCBuildConfiguration;
			baseConfigurationReference = 2B6399FF5F23CA108F52009F /* Pods-RNSwiftIntegrationTests.debug.xcconfig */;
			buildSettings = {
				ALWAYS_EMBED_SWIFT_STANDARD_LIBRARIES = YES;
				BUNDLE_LOADER = "$(TEST_HOST)";
				INFOPLIST_FILE = RNSwiftIntegrationTests/Info.plist;
				LD_RUNPATH_SEARCH_PATHS = "$(inherited) @executable_path/Frameworks @loader_path/Frameworks";
				PRODUCT_BUNDLE_IDENTIFIER = com.scremona.RNSwiftIntegrationTests;
				PRODUCT_NAME = "$(TARGET_NAME)";
				SWIFT_VERSION = 3.0;
				TEST_HOST = "$(BUILT_PRODUCTS_DIR)/RNSwiftIntegration.app/RNSwiftIntegration";
			};
			name = Debug;
		};
		1D03ECBD1E940E430025D8F5 /* Release */ = {
			isa = XCBuildConfiguration;
			baseConfigurationReference = 1EA75CD378C42B5EFA6ADC16 /* Pods-RNSwiftIntegrationTests.release.xcconfig */;
			buildSettings = {
				ALWAYS_EMBED_SWIFT_STANDARD_LIBRARIES = YES;
				BUNDLE_LOADER = "$(TEST_HOST)";
				INFOPLIST_FILE = RNSwiftIntegrationTests/Info.plist;
				LD_RUNPATH_SEARCH_PATHS = "$(inherited) @executable_path/Frameworks @loader_path/Frameworks";
				PRODUCT_BUNDLE_IDENTIFIER = com.scremona.RNSwiftIntegrationTests;
				PRODUCT_NAME = "$(TARGET_NAME)";
				SWIFT_VERSION = 3.0;
				TEST_HOST = "$(BUILT_PRODUCTS_DIR)/RNSwiftIntegration.app/RNSwiftIntegration";
			};
			name = Release;
		};
		1D03ECBF1E940E430025D8F5 /* Debug */ = {
			isa = XCBuildConfiguration;
			baseConfigurationReference = 568E53EC81A845D13BCDC20B /* Pods-RNSwiftIntegrationUITests.debug.xcconfig */;
			buildSettings = {
				ALWAYS_EMBED_SWIFT_STANDARD_LIBRARIES = YES;
				INFOPLIST_FILE = RNSwiftIntegrationUITests/Info.plist;
				LD_RUNPATH_SEARCH_PATHS = "$(inherited) @executable_path/Frameworks @loader_path/Frameworks";
				PRODUCT_BUNDLE_IDENTIFIER = com.scremona.RNSwiftIntegrationUITests;
				PRODUCT_NAME = "$(TARGET_NAME)";
				SWIFT_VERSION = 3.0;
				TEST_TARGET_NAME = RNSwiftIntegration;
			};
			name = Debug;
		};
		1D03ECC01E940E430025D8F5 /* Release */ = {
			isa = XCBuildConfiguration;
			baseConfigurationReference = 4D9FEEB5B7887CA7B845A483 /* Pods-RNSwiftIntegrationUITests.release.xcconfig */;
			buildSettings = {
				ALWAYS_EMBED_SWIFT_STANDARD_LIBRARIES = YES;
				INFOPLIST_FILE = RNSwiftIntegrationUITests/Info.plist;
				LD_RUNPATH_SEARCH_PATHS = "$(inherited) @executable_path/Frameworks @loader_path/Frameworks";
				PRODUCT_BUNDLE_IDENTIFIER = com.scremona.RNSwiftIntegrationUITests;
				PRODUCT_NAME = "$(TARGET_NAME)";
				SWIFT_VERSION = 3.0;
				TEST_TARGET_NAME = RNSwiftIntegration;
			};
			name = Release;
		};
/* End XCBuildConfiguration section */

/* Begin XCConfigurationList section */
		1D03EC8B1E940E420025D8F5 /* Build configuration list for PBXProject "RNSwiftIntegration" */ = {
			isa = XCConfigurationList;
			buildConfigurations = (
				1D03ECB61E940E430025D8F5 /* Debug */,
				1D03ECB71E940E430025D8F5 /* Release */,
			);
			defaultConfigurationIsVisible = 0;
			defaultConfigurationName = Release;
		};
		1D03ECB81E940E430025D8F5 /* Build configuration list for PBXNativeTarget "RNSwiftIntegration" */ = {
			isa = XCConfigurationList;
			buildConfigurations = (
				1D03ECB91E940E430025D8F5 /* Debug */,
				1D03ECBA1E940E430025D8F5 /* Release */,
			);
			defaultConfigurationIsVisible = 0;
			defaultConfigurationName = Release;
		};
		1D03ECBB1E940E430025D8F5 /* Build configuration list for PBXNativeTarget "RNSwiftIntegrationTests" */ = {
			isa = XCConfigurationList;
			buildConfigurations = (
				1D03ECBC1E940E430025D8F5 /* Debug */,
				1D03ECBD1E940E430025D8F5 /* Release */,
			);
			defaultConfigurationIsVisible = 0;
			defaultConfigurationName = Release;
		};
		1D03ECBE1E940E430025D8F5 /* Build configuration list for PBXNativeTarget "RNSwiftIntegrationUITests" */ = {
			isa = XCConfigurationList;
			buildConfigurations = (
				1D03ECBF1E940E430025D8F5 /* Debug */,
				1D03ECC01E940E430025D8F5 /* Release */,
			);
			defaultConfigurationIsVisible = 0;
			defaultConfigurationName = Release;
		};
/* End XCConfigurationList section */
	};
	rootObject = 1D03EC881E940E420025D8F5 /* Project object */;
}
